PODS:
  - common (1.0):
    - GoogleMaps
  - GoogleMaps (9.1.0):
    - GoogleMaps/Maps (= 9.1.0)
  - GoogleMaps/Base (9.1.0)
  - GoogleMaps/Maps (9.1.0):
    - GoogleMaps/Base

DEPENDENCIES:
  - common (from `../common`)
  - GoogleMaps

SPEC REPOS:
  trunk:
    - GoogleMaps

EXTERNAL SOURCES:
  common:
    :path: "../common"

SPEC CHECKSUMS:
  common: 10eaa5f63b7ed84d66b4933c3d4a93dd3690d235
  GoogleMaps: c74e02e00db0be27b165516bde753826e2652b9c

PODFILE CHECKSUM: b6e19a5015dd5c4d65dfd9b98f63f4e72d2b9ffb

COCOAPODS: 1.15.2
