PODS:
  - common (1.0):
    - GoogleMaps
  - GoogleMaps (9.1.0):
    - GoogleMaps/Maps (= 9.1.0)
  - GoogleMaps/Base (9.1.0)
  - GoogleMaps/Maps (9.1.0):
    - GoogleMaps/Base
  - GooglePlaces (9.1.0)

DEPENDENCIES:
  - common (from `../common`)
  - GoogleMaps
  - GooglePlaces

SPEC REPOS:
  trunk:
    - GoogleMaps
    - GooglePlaces

EXTERNAL SOURCES:
  common:
    :path: "../common"

SPEC CHECKSUMS:
  common: 10eaa5f63b7ed84d66b4933c3d4a93dd3690d235
  GoogleMaps: c74e02e00db0be27b165516bde753826e2652b9c
  GooglePlaces: 00c43ad62c888354fe0bc5ce09181b2f6ce8b6d1

PODFILE CHECKSUM: 8724049025db26333033be975deda4d0f82ff485

COCOAPODS: 1.15.2
